// !$*UTF8*$!
{
	archiveVersion = 1;
	classes = {
	};
	objectVersion = 56;
	objects = {

/* Begin PBXBuildFile section */
		4966557B2D5E7AF900F1C218 /* SplashScreenView.swift in Sources */ = {isa = PBXBuildFile; fileRef = 4966557A2D5E7AF900F1C218 /* SplashScreenView.swift */; };
		AE5B3DE72D5BE6C1000496F7 /* DesignTrackApp.swift in Sources */ = {isa = PBXBuildFile; fileRef = AE5B3DE62D5BE6C1000496F7 /* DesignTrackApp.swift */; };
		AE5B3DE92D5BE6C1000496F7 /* ContentView.swift in Sources */ = {isa = PBXBuildFile; fileRef = AE5B3DE82D5BE6C1000496F7 /* ContentView.swift */; };
		AE5B3DED2D5BE6C1000496F7 /* Assets.xcassets in Resources */ = {isa = PBXBuildFile; fileRef = AE5B3DEC2D5BE6C1000496F7 /* Assets.xcassets */; };
		AE5B3DF02D5BE6C1000496F7 /* Preview Assets.xcassets in Resources */ = {isa = PBXBuildFile; fileRef = AE5B3DEF2D5BE6C1000496F7 /* Preview Assets.xcassets */; };
		AE5B3E022D5BE851000496F7 /* LogImageModel.swift in Sources */ = {isa = PBXBuildFile; fileRef = AE5B3E012D5BE851000496F7 /* LogImageModel.swift */; };
		AE5B3E042D5BE884000496F7 /* FontModel.swift in Sources */ = {isa = PBXBuildFile; fileRef = AE5B3E032D5BE884000496F7 /* FontModel.swift */; };
		AE5B3E062D5BE89E000496F7 /* LogModel.swift in Sources */ = {isa = PBXBuildFile; fileRef = AE5B3E052D5BE89E000496F7 /* LogModel.swift */; };
		AE5B3E082D5BE8B4000496F7 /* ProjectModel.swift in Sources */ = {isa = PBXBuildFile; fileRef = AE5B3E072D5BE8B4000496F7 /* ProjectModel.swift */; };
		AE5B3E0A2D5BE8CC000496F7 /* ColorModel.swift in Sources */ = {isa = PBXBuildFile; fileRef = AE5B3E092D5BE8CC000496F7 /* ColorModel.swift */; };
		AE5B3E0E2D5D11F2000496F7 /* ProjectViewModel.swift in Sources */ = {isa = PBXBuildFile; fileRef = AE5B3E0D2D5D11F2000496F7 /* ProjectViewModel.swift */; };
		AE5B3E102D5D1A2A000496F7 /* ProjectView.swift in Sources */ = {isa = PBXBuildFile; fileRef = AE5B3E0F2D5D1A2A000496F7 /* ProjectView.swift */; };
		AE5B3E122D5D1AF3000496F7 /* AddProjectView.swift in Sources */ = {isa = PBXBuildFile; fileRef = AE5B3E112D5D1AF3000496F7 /* AddProjectView.swift */; };
		AE5B3E142D5D2064000496F7 /* EditProjectView.swift in Sources */ = {isa = PBXBuildFile; fileRef = AE5B3E132D5D2064000496F7 /* EditProjectView.swift */; };
		AE5B3E162D5D3B2A000496F7 /* BrandingView.swift in Sources */ = {isa = PBXBuildFile; fileRef = AE5B3E152D5D3B2A000496F7 /* BrandingView.swift */; };
		AE5B3E182D5D3B9C000496F7 /* ColorPickerView.swift in Sources */ = {isa = PBXBuildFile; fileRef = AE5B3E172D5D3B9C000496F7 /* ColorPickerView.swift */; };
		AE5B3E1A2D5D3C5B000496F7 /* ColorViewModel.swift in Sources */ = {isa = PBXBuildFile; fileRef = AE5B3E192D5D3C5B000496F7 /* ColorViewModel.swift */; };
		AE5B3E1D2D5D40E5000496F7 /* ColorExtensions.swift in Sources */ = {isa = PBXBuildFile; fileRef = AE5B3E1C2D5D40E5000496F7 /* ColorExtensions.swift */; };
/* End PBXBuildFile section */

/* Begin PBXFileReference section */
		4966557A2D5E7AF900F1C218 /* SplashScreenView.swift */ = {isa = PBXFileReference; lastKnownFileType = sourcecode.swift; path = SplashScreenView.swift; sourceTree = "<group>"; };
		AE5B3DE32D5BE6C1000496F7 /* DesignTrack.app */ = {isa = PBXFileReference; explicitFileType = wrapper.application; includeInIndex = 0; path = DesignTrack.app; sourceTree = BUILT_PRODUCTS_DIR; };
		AE5B3DE62D5BE6C1000496F7 /* DesignTrackApp.swift */ = {isa = PBXFileReference; lastKnownFileType = sourcecode.swift; path = DesignTrackApp.swift; sourceTree = "<group>"; };
		AE5B3DE82D5BE6C1000496F7 /* ContentView.swift */ = {isa = PBXFileReference; lastKnownFileType = sourcecode.swift; path = ContentView.swift; sourceTree = "<group>"; };
		AE5B3DEC2D5BE6C1000496F7 /* Assets.xcassets */ = {isa = PBXFileReference; lastKnownFileType = folder.assetcatalog; path = Assets.xcassets; sourceTree = "<group>"; };
		AE5B3DEF2D5BE6C1000496F7 /* Preview Assets.xcassets */ = {isa = PBXFileReference; lastKnownFileType = folder.assetcatalog; path = "Preview Assets.xcassets"; sourceTree = "<group>"; };
		AE5B3E012D5BE851000496F7 /* LogImageModel.swift */ = {isa = PBXFileReference; lastKnownFileType = sourcecode.swift; path = LogImageModel.swift; sourceTree = "<group>"; };
		AE5B3E032D5BE884000496F7 /* FontModel.swift */ = {isa = PBXFileReference; lastKnownFileType = sourcecode.swift; path = FontModel.swift; sourceTree = "<group>"; };
		AE5B3E052D5BE89E000496F7 /* LogModel.swift */ = {isa = PBXFileReference; lastKnownFileType = sourcecode.swift; path = LogModel.swift; sourceTree = "<group>"; };
		AE5B3E072D5BE8B4000496F7 /* ProjectModel.swift */ = {isa = PBXFileReference; lastKnownFileType = sourcecode.swift; path = ProjectModel.swift; sourceTree = "<group>"; };
		AE5B3E092D5BE8CC000496F7 /* ColorModel.swift */ = {isa = PBXFileReference; lastKnownFileType = sourcecode.swift; path = ColorModel.swift; sourceTree = "<group>"; };
		AE5B3E0D2D5D11F2000496F7 /* ProjectViewModel.swift */ = {isa = PBXFileReference; lastKnownFileType = sourcecode.swift; path = ProjectViewModel.swift; sourceTree = "<group>"; };
		AE5B3E0F2D5D1A2A000496F7 /* ProjectView.swift */ = {isa = PBXFileReference; lastKnownFileType = sourcecode.swift; path = ProjectView.swift; sourceTree = "<group>"; };
		AE5B3E112D5D1AF3000496F7 /* AddProjectView.swift */ = {isa = PBXFileReference; lastKnownFileType = sourcecode.swift; path = AddProjectView.swift; sourceTree = "<group>"; };
		AE5B3E132D5D2064000496F7 /* EditProjectView.swift */ = {isa = PBXFileReference; lastKnownFileType = sourcecode.swift; path = EditProjectView.swift; sourceTree = "<group>"; };
		AE5B3E152D5D3B2A000496F7 /* BrandingView.swift */ = {isa = PBXFileReference; lastKnownFileType = sourcecode.swift; path = BrandingView.swift; sourceTree = "<group>"; };
		AE5B3E172D5D3B9C000496F7 /* ColorPickerView.swift */ = {isa = PBXFileReference; lastKnownFileType = sourcecode.swift; path = ColorPickerView.swift; sourceTree = "<group>"; };
		AE5B3E192D5D3C5B000496F7 /* ColorViewModel.swift */ = {isa = PBXFileReference; lastKnownFileType = sourcecode.swift; path = ColorViewModel.swift; sourceTree = "<group>"; };
		AE5B3E1C2D5D40E5000496F7 /* ColorExtensions.swift */ = {isa = PBXFileReference; lastKnownFileType = sourcecode.swift; path = ColorExtensions.swift; sourceTree = "<group>"; };
/* End PBXFileReference section */

/* Begin PBXFrameworksBuildPhase section */
		AE5B3DE02D5BE6C1000496F7 /* Frameworks */ = {
			isa = PBXFrameworksBuildPhase;
			buildActionMask = 2147483647;
			files = (
			);
			runOnlyForDeploymentPostprocessing = 0;
		};
/* End PBXFrameworksBuildPhase section */

/* Begin PBXGroup section */
		AE5B3DDA2D5BE6C1000496F7 = {
			isa = PBXGroup;
			children = (
				AE5B3DE52D5BE6C1000496F7 /* DesignTrack */,
				AE5B3DE42D5BE6C1000496F7 /* Products */,
			);
			sourceTree = "<group>";
		};
		AE5B3DE42D5BE6C1000496F7 /* Products */ = {
			isa = PBXGroup;
			children = (
				AE5B3DE32D5BE6C1000496F7 /* DesignTrack.app */,
			);
			name = Products;
			sourceTree = "<group>";
		};
		AE5B3DE52D5BE6C1000496F7 /* DesignTrack */ = {
			isa = PBXGroup;
			children = (
				AE5B3E1B2D5D40CC000496F7 /* Utilities */,
				AE5B3E0C2D5D0F5E000496F7 /* Views */,
				AE5B3E0B2D5D0F56000496F7 /* ViewModels */,
				AE5B3DF62D5BE816000496F7 /* Models */,
				AE5B3DE62D5BE6C1000496F7 /* DesignTrackApp.swift */,
				AE5B3DE82D5BE6C1000496F7 /* ContentView.swift */,
				AE5B3DEC2D5BE6C1000496F7 /* Assets.xcassets */,
				AE5B3DEE2D5BE6C1000496F7 /* Preview Content */,
			);
			path = DesignTrack;
			sourceTree = "<group>";
		};
		AE5B3DEE2D5BE6C1000496F7 /* Preview Content */ = {
			isa = PBXGroup;
			children = (
				AE5B3DEF2D5BE6C1000496F7 /* Preview Assets.xcassets */,
			);
			path = "Preview Content";
			sourceTree = "<group>";
		};
		AE5B3DF62D5BE816000496F7 /* Models */ = {
			isa = PBXGroup;
			children = (
				AE5B3E012D5BE851000496F7 /* LogImageModel.swift */,
				AE5B3E032D5BE884000496F7 /* FontModel.swift */,
				AE5B3E052D5BE89E000496F7 /* LogModel.swift */,
				AE5B3E072D5BE8B4000496F7 /* ProjectModel.swift */,
				AE5B3E092D5BE8CC000496F7 /* ColorModel.swift */,
			);
			path = Models;
			sourceTree = "<group>";
		};
		AE5B3E0B2D5D0F56000496F7 /* ViewModels */ = {
			isa = PBXGroup;
			children = (
				AE5B3E0D2D5D11F2000496F7 /* ProjectViewModel.swift */,
				AE5B3E192D5D3C5B000496F7 /* ColorViewModel.swift */,
			);
			path = ViewModels;
			sourceTree = "<group>";
		};
		AE5B3E0C2D5D0F5E000496F7 /* Views */ = {
			isa = PBXGroup;
			children = (
				AE5B3E0F2D5D1A2A000496F7 /* ProjectView.swift */,
				AE5B3E112D5D1AF3000496F7 /* AddProjectView.swift */,
				AE5B3E132D5D2064000496F7 /* EditProjectView.swift */,
				AE5B3E152D5D3B2A000496F7 /* BrandingView.swift */,
				4966557A2D5E7AF900F1C218 /* SplashScreenView.swift */,
				AE5B3E172D5D3B9C000496F7 /* ColorPickerView.swift */,
			);
			path = Views;
			sourceTree = "<group>";
		};
		AE5B3E1B2D5D40CC000496F7 /* Utilities */ = {
			isa = PBXGroup;
			children = (
				AE5B3E1C2D5D40E5000496F7 /* ColorExtensions.swift */,
			);
			path = Utilities;
			sourceTree = "<group>";
		};
/* End PBXGroup section */

/* Begin PBXNativeTarget section */
		AE5B3DE22D5BE6C1000496F7 /* DesignTrack */ = {
			isa = PBXNativeTarget;
			buildConfigurationList = AE5B3DF32D5BE6C1000496F7 /* Build configuration list for PBXNativeTarget "DesignTrack" */;
			buildPhases = (
				AE5B3DDF2D5BE6C1000496F7 /* Sources */,
				AE5B3DE02D5BE6C1000496F7 /* Frameworks */,
				AE5B3DE12D5BE6C1000496F7 /* Resources */,
			);
			buildRules = (
			);
			dependencies = (
			);
			name = DesignTrack;
			productName = DesignTrack;
			productReference = AE5B3DE32D5BE6C1000496F7 /* DesignTrack.app */;
			productType = "com.apple.product-type.application";
		};
/* End PBXNativeTarget section */

/* Begin PBXProject section */
		AE5B3DDB2D5BE6C1000496F7 /* Project object */ = {
			isa = PBXProject;
			attributes = {
				BuildIndependentTargetsInParallel = 1;
				LastSwiftUpdateCheck = 1520;
				LastUpgradeCheck = 1520;
				TargetAttributes = {
					AE5B3DE22D5BE6C1000496F7 = {
						CreatedOnToolsVersion = 15.2;
					};
				};
			};
			buildConfigurationList = AE5B3DDE2D5BE6C1000496F7 /* Build configuration list for PBXProject "DesignTrack" */;
			compatibilityVersion = "Xcode 14.0";
			developmentRegion = en;
			hasScannedForEncodings = 0;
			knownRegions = (
				en,
				Base,
			);
			mainGroup = AE5B3DDA2D5BE6C1000496F7;
			productRefGroup = AE5B3DE42D5BE6C1000496F7 /* Products */;
			projectDirPath = "";
			projectRoot = "";
			targets = (
				AE5B3DE22D5BE6C1000496F7 /* DesignTrack */,
			);
		};
/* End PBXProject section */

/* Begin PBXResourcesBuildPhase section */
		AE5B3DE12D5BE6C1000496F7 /* Resources */ = {
			isa = PBXResourcesBuildPhase;
			buildActionMask = 2147483647;
			files = (
				AE5B3DF02D5BE6C1000496F7 /* Preview Assets.xcassets in Resources */,
				AE5B3DED2D5BE6C1000496F7 /* Assets.xcassets in Resources */,
			);
			runOnlyForDeploymentPostprocessing = 0;
		};
/* End PBXResourcesBuildPhase section */

/* Begin PBXSourcesBuildPhase section */
		AE5B3DDF2D5BE6C1000496F7 /* Sources */ = {
			isa = PBXSourcesBuildPhase;
			buildActionMask = 2147483647;
			files = (
				AE5B3E122D5D1AF3000496F7 /* AddProjectView.swift in Sources */,
				AE5B3E022D5BE851000496F7 /* LogImageModel.swift in Sources */,
				AE5B3E1A2D5D3C5B000496F7 /* ColorViewModel.swift in Sources */,
				AE5B3E042D5BE884000496F7 /* FontModel.swift in Sources */,
				AE5B3E082D5BE8B4000496F7 /* ProjectModel.swift in Sources */,
				AE5B3DE92D5BE6C1000496F7 /* ContentView.swift in Sources */,
				AE5B3E0E2D5D11F2000496F7 /* ProjectViewModel.swift in Sources */,
				4966557B2D5E7AF900F1C218 /* SplashScreenView.swift in Sources */,
				AE5B3E062D5BE89E000496F7 /* LogModel.swift in Sources */,
				AE5B3E102D5D1A2A000496F7 /* ProjectView.swift in Sources */,
				AE5B3E0A2D5BE8CC000496F7 /* ColorModel.swift in Sources */,
				AE5B3E162D5D3B2A000496F7 /* BrandingView.swift in Sources */,
				AE5B3E1D2D5D40E5000496F7 /* ColorExtensions.swift in Sources */,
				AE5B3DE72D5BE6C1000496F7 /* DesignTrackApp.swift in Sources */,
				AE5B3E182D5D3B9C000496F7 /* ColorPickerView.swift in Sources */,
				AE5B3E142D5D2064000496F7 /* EditProjectView.swift in Sources */,
			);
			runOnlyForDeploymentPostprocessing = 0;
		};
/* End PBXSourcesBuildPhase section */

/* Begin XCBuildConfiguration section */
		AE5B3DF12D5BE6C1000496F7 /* Debug */ = {
			isa = XCBuildConfiguration;
			buildSettings = {
				ALWAYS_SEARCH_USER_PATHS = NO;
				ASSETCATALOG_COMPILER_GENERATE_SWIFT_ASSET_SYMBOL_EXTENSIONS = YES;
				CLANG_ANALYZER_NONNULL = YES;
				CLANG_ANALYZER_NUMBER_OBJECT_CONVERSION = YES_AGGRESSIVE;
				CLANG_CXX_LANGUAGE_STANDARD = "gnu++20";
				CLANG_ENABLE_MODULES = YES;
				CLANG_ENABLE_OBJC_ARC = YES;
				CLANG_ENABLE_OBJC_WEAK = YES;
				CLANG_WARN_BLOCK_CAPTURE_AUTORELEASING = YES;
				CLANG_WARN_BOOL_CONVERSION = YES;
				CLANG_WARN_COMMA = YES;
				CLANG_WARN_CONSTANT_CONVERSION = YES;
				CLANG_WARN_DEPRECATED_OBJC_IMPLEMENTATIONS = YES;
				CLANG_WARN_DIRECT_OBJC_ISA_USAGE = YES_ERROR;
				CLANG_WARN_DOCUMENTATION_COMMENTS = YES;
				CLANG_WARN_EMPTY_BODY = YES;
				CLANG_WARN_ENUM_CONVERSION = YES;
				CLANG_WARN_INFINITE_RECURSION = YES;
				CLANG_WARN_INT_CONVERSION = YES;
				CLANG_WARN_NON_LITERAL_NULL_CONVERSION = YES;
				CLANG_WARN_OBJC_IMPLICIT_RETAIN_SELF = YES;
				CLANG_WARN_OBJC_LITERAL_CONVERSION = YES;
				CLANG_WARN_OBJC_ROOT_CLASS = YES_ERROR;
				CLANG_WARN_QUOTED_INCLUDE_IN_FRAMEWORK_HEADER = YES;
				CLANG_WARN_RANGE_LOOP_ANALYSIS = YES;
				CLANG_WARN_STRICT_PROTOTYPES = YES;
				CLANG_WARN_SUSPICIOUS_MOVE = YES;
				CLANG_WARN_UNGUARDED_AVAILABILITY = YES_AGGRESSIVE;
				CLANG_WARN_UNREACHABLE_CODE = YES;
				CLANG_WARN__DUPLICATE_METHOD_MATCH = YES;
				COPY_PHASE_STRIP = NO;
				DEBUG_INFORMATION_FORMAT = dwarf;
				ENABLE_STRICT_OBJC_MSGSEND = YES;
				ENABLE_TESTABILITY = YES;
				ENABLE_USER_SCRIPT_SANDBOXING = YES;
				GCC_C_LANGUAGE_STANDARD = gnu17;
				GCC_DYNAMIC_NO_PIC = NO;
				GCC_NO_COMMON_BLOCKS = YES;
				GCC_OPTIMIZATION_LEVEL = 0;
				GCC_PREPROCESSOR_DEFINITIONS = (
					"DEBUG=1",
					"$(inherited)",
				);
				GCC_WARN_64_TO_32_BIT_CONVERSION = YES;
				GCC_WARN_ABOUT_RETURN_TYPE = YES_ERROR;
				GCC_WARN_UNDECLARED_SELECTOR = YES;
				GCC_WARN_UNINITIALIZED_AUTOS = YES_AGGRESSIVE;
				GCC_WARN_UNUSED_FUNCTION = YES;
				GCC_WARN_UNUSED_VARIABLE = YES;
				IPHONEOS_DEPLOYMENT_TARGET = 17.2;
				LOCALIZATION_PREFERS_STRING_CATALOGS = YES;
				MTL_ENABLE_DEBUG_INFO = INCLUDE_SOURCE;
				MTL_FAST_MATH = YES;
				ONLY_ACTIVE_ARCH = YES;
				SDKROOT = iphoneos;
				SWIFT_ACTIVE_COMPILATION_CONDITIONS = "DEBUG $(inherited)";
				SWIFT_OPTIMIZATION_LEVEL = "-Onone";
			};
			name = Debug;
		};
		AE5B3DF22D5BE6C1000496F7 /* Release */ = {
			isa = XCBuildConfiguration;
			buildSettings = {
				ALWAYS_SEARCH_USER_PATHS = NO;
				ASSETCATALOG_COMPILER_GENERATE_SWIFT_ASSET_SYMBOL_EXTENSIONS = YES;
				CLANG_ANALYZER_NONNULL = YES;
				CLANG_ANALYZER_NUMBER_OBJECT_CONVERSION = YES_AGGRESSIVE;
				CLANG_CXX_LANGUAGE_STANDARD = "gnu++20";
				CLANG_ENABLE_MODULES = YES;
				CLANG_ENABLE_OBJC_ARC = YES;
				CLANG_ENABLE_OBJC_WEAK = YES;
				CLANG_WARN_BLOCK_CAPTURE_AUTORELEASING = YES;
				CLANG_WARN_BOOL_CONVERSION = YES;
				CLANG_WARN_COMMA = YES;
				CLANG_WARN_CONSTANT_CONVERSION = YES;
				CLANG_WARN_DEPRECATED_OBJC_IMPLEMENTATIONS = YES;
				CLANG_WARN_DIRECT_OBJC_ISA_USAGE = YES_ERROR;
				CLANG_WARN_DOCUMENTATION_COMMENTS = YES;
				CLANG_WARN_EMPTY_BODY = YES;
				CLANG_WARN_ENUM_CONVERSION = YES;
				CLANG_WARN_INFINITE_RECURSION = YES;
				CLANG_WARN_INT_CONVERSION = YES;
				CLANG_WARN_NON_LITERAL_NULL_CONVERSION = YES;
				CLANG_WARN_OBJC_IMPLICIT_RETAIN_SELF = YES;
				CLANG_WARN_OBJC_LITERAL_CONVERSION = YES;
				CLANG_WARN_OBJC_ROOT_CLASS = YES_ERROR;
				CLANG_WARN_QUOTED_INCLUDE_IN_FRAMEWORK_HEADER = YES;
				CLANG_WARN_RANGE_LOOP_ANALYSIS = YES;
				CLANG_WARN_STRICT_PROTOTYPES = YES;
				CLANG_WARN_SUSPICIOUS_MOVE = YES;
				CLANG_WARN_UNGUARDED_AVAILABILITY = YES_AGGRESSIVE;
				CLANG_WARN_UNREACHABLE_CODE = YES;
				CLANG_WARN__DUPLICATE_METHOD_MATCH = YES;
				COPY_PHASE_STRIP = NO;
				DEBUG_INFORMATION_FORMAT = "dwarf-with-dsym";
				ENABLE_NS_ASSERTIONS = NO;
				ENABLE_STRICT_OBJC_MSGSEND = YES;
				ENABLE_USER_SCRIPT_SANDBOXING = YES;
				GCC_C_LANGUAGE_STANDARD = gnu17;
				GCC_NO_COMMON_BLOCKS = YES;
				GCC_WARN_64_TO_32_BIT_CONVERSION = YES;
				GCC_WARN_ABOUT_RETURN_TYPE = YES_ERROR;
				GCC_WARN_UNDECLARED_SELECTOR = YES;
				GCC_WARN_UNINITIALIZED_AUTOS = YES_AGGRESSIVE;
				GCC_WARN_UNUSED_FUNCTION = YES;
				GCC_WARN_UNUSED_VARIABLE = YES;
				IPHONEOS_DEPLOYMENT_TARGET = 17.2;
				LOCALIZATION_PREFERS_STRING_CATALOGS = YES;
				MTL_ENABLE_DEBUG_INFO = NO;
				MTL_FAST_MATH = YES;
				SDKROOT = iphoneos;
				SWIFT_COMPILATION_MODE = wholemodule;
				VALIDATE_PRODUCT = YES;
			};
			name = Release;
		};
		AE5B3DF42D5BE6C1000496F7 /* Debug */ = {
			isa = XCBuildConfiguration;
			buildSettings = {
				ASSETCATALOG_COMPILER_APPICON_NAME = AppIcon;
				ASSETCATALOG_COMPILER_GLOBAL_ACCENT_COLOR_NAME = AccentColor;
				CODE_SIGN_STYLE = Automatic;
				CURRENT_PROJECT_VERSION = 1;
				DEVELOPMENT_ASSET_PATHS = "\"DesignTrack/Preview Content\"";
				DEVELOPMENT_TEAM = 2ULRN6JS84;
				ENABLE_PREVIEWS = YES;
				GENERATE_INFOPLIST_FILE = YES;
				INFOPLIST_KEY_UIApplicationSceneManifest_Generation = YES;
				INFOPLIST_KEY_UIApplicationSupportsIndirectInputEvents = YES;
				INFOPLIST_KEY_UILaunchScreen_Generation = YES;
				INFOPLIST_KEY_UISupportedInterfaceOrientations_iPad = "UIInterfaceOrientationPortrait UIInterfaceOrientationPortraitUpsideDown UIInterfaceOrientationLandscapeLeft UIInterfaceOrientationLandscapeRight";
				INFOPLIST_KEY_UISupportedInterfaceOrientations_iPhone = "UIInterfaceOrientationPortrait UIInterfaceOrientationLandscapeLeft UIInterfaceOrientationLandscapeRight";
				LD_RUNPATH_SEARCH_PATHS = (
					"$(inherited)",
					"@executable_path/Frameworks",
				);
				MARKETING_VERSION = 1.0;
				PRODUCT_BUNDLE_IDENTIFIER = com.academy.DesignTrack;
				PRODUCT_NAME = "$(TARGET_NAME)";
				SWIFT_EMIT_LOC_STRINGS = YES;
				SWIFT_VERSION = 5.0;
				TARGETED_DEVICE_FAMILY = "1,2";
			};
			name = Debug;
		};
		AE5B3DF52D5BE6C1000496F7 /* Release */ = {
			isa = XCBuildConfiguration;
			buildSettings = {
				ASSETCATALOG_COMPILER_APPICON_NAME = AppIcon;
				ASSETCATALOG_COMPILER_GLOBAL_ACCENT_COLOR_NAME = AccentColor;
				CODE_SIGN_STYLE = Automatic;
				CURRENT_PROJECT_VERSION = 1;
				DEVELOPMENT_ASSET_PATHS = "\"DesignTrack/Preview Content\"";
				DEVELOPMENT_TEAM = 2ULRN6JS84;
				ENABLE_PREVIEWS = YES;
				GENERATE_INFOPLIST_FILE = YES;
				INFOPLIST_KEY_UIApplicationSceneManifest_Generation = YES;
				INFOPLIST_KEY_UIApplicationSupportsIndirectInputEvents = YES;
				INFOPLIST_KEY_UILaunchScreen_Generation = YES;
				INFOPLIST_KEY_UISupportedInterfaceOrientations_iPad = "UIInterfaceOrientationPortrait UIInterfaceOrientationPortraitUpsideDown UIInterfaceOrientationLandscapeLeft UIInterfaceOrientationLandscapeRight";
				INFOPLIST_KEY_UISupportedInterfaceOrientations_iPhone = "UIInterfaceOrientationPortrait UIInterfaceOrientationLandscapeLeft UIInterfaceOrientationLandscapeRight";
				LD_RUNPATH_SEARCH_PATHS = (
					"$(inherited)",
					"@executable_path/Frameworks",
				);
				MARKETING_VERSION = 1.0;
				PRODUCT_BUNDLE_IDENTIFIER = com.academy.DesignTrack;
				PRODUCT_NAME = "$(TARGET_NAME)";
				SWIFT_EMIT_LOC_STRINGS = YES;
				SWIFT_VERSION = 5.0;
				TARGETED_DEVICE_FAMILY = "1,2";
			};
			name = Release;
		};
/* End XCBuildConfiguration section */

/* Begin XCConfigurationList section */
		AE5B3DDE2D5BE6C1000496F7 /* Build configuration list for PBXProject "DesignTrack" */ = {
			isa = XCConfigurationList;
			buildConfigurations = (
				AE5B3DF12D5BE6C1000496F7 /* Debug */,
				AE5B3DF22D5BE6C1000496F7 /* Release */,
			);
			defaultConfigurationIsVisible = 0;
			defaultConfigurationName = Release;
		};
		AE5B3DF32D5BE6C1000496F7 /* Build configuration list for PBXNativeTarget "DesignTrack" */ = {
			isa = XCConfigurationList;
			buildConfigurations = (
				AE5B3DF42D5BE6C1000496F7 /* Debug */,
				AE5B3DF52D5BE6C1000496F7 /* Release */,
			);
			defaultConfigurationIsVisible = 0;
			defaultConfigurationName = Release;
		};
/* End XCConfigurationList section */
	};
	rootObject = AE5B3DDB2D5BE6C1000496F7 /* Project object */;
}
